// !$*UTF8*$!
{
	archiveVersion = 1;
	classes = {
	};
	objectVersion = 55;
	objects = {

/* Begin PBXBuildFile section */
		4098C7E8291FE12B0036833E /* AppDelegate.swift in Sources */ = {isa = PBXBuildFile; fileRef = 4098C7E7291FE12B0036833E /* AppDelegate.swift */; };
		4098C7F1291FE12E0036833E /* Assets.xcassets in Resources */ = {isa = PBXBuildFile; fileRef = 4098C7F0291FE12E0036833E /* Assets.xcassets */; };
		4098C7F4291FE12E0036833E /* LaunchScreen.storyboard in Resources */ = {isa = PBXBuildFile; fileRef = 4098C7F2291FE12E0036833E /* LaunchScreen.storyboard */; };
		4098C801291FF4500036833E /* BaseViewController.swift in Sources */ = {isa = PBXBuildFile; fileRef = 4098C800291FF4500036833E /* BaseViewController.swift */; };
		4098C80B291FF5180036833E /* UIFont+Ext.swift in Sources */ = {isa = PBXBuildFile; fileRef = 4098C80A291FF5180036833E /* UIFont+Ext.swift */; };
		4098C811291FF5920036833E /* SplashViewController.swift in Sources */ = {isa = PBXBuildFile; fileRef = 4098C810291FF5920036833E /* SplashViewController.swift */; };
		4098C813291FF5BF0036833E /* SplashViewController.xib in Resources */ = {isa = PBXBuildFile; fileRef = 4098C812291FF5BF0036833E /* SplashViewController.xib */; };
		4098C815291FF6160036833E /* UIColor+Ext.swift in Sources */ = {isa = PBXBuildFile; fileRef = 4098C814291FF6160036833E /* UIColor+Ext.swift */; };
		4098C817291FF7530036833E /* NSObject+Ext.swift in Sources */ = {isa = PBXBuildFile; fileRef = 4098C816291FF7530036833E /* NSObject+Ext.swift */; };
		4098C819291FF7680036833E /* UITableView+Ext.swift in Sources */ = {isa = PBXBuildFile; fileRef = 4098C818291FF7680036833E /* UITableView+Ext.swift */; };
		4098C81C292018430036833E /* MovieListViewController.swift in Sources */ = {isa = PBXBuildFile; fileRef = 4098C81B292018430036833E /* MovieListViewController.swift */; };
		4098C81E2920195F0036833E /* MovieListViewController.xib in Resources */ = {isa = PBXBuildFile; fileRef = 4098C81D2920195F0036833E /* MovieListViewController.xib */; };
		4098C8202920235C0036833E /* SplashViewModel.swift in Sources */ = {isa = PBXBuildFile; fileRef = 4098C81F2920235C0036833E /* SplashViewModel.swift */; };
		4098C825292027510036833E /* UIView+Ext.swift in Sources */ = {isa = PBXBuildFile; fileRef = 4098C824292027510036833E /* UIView+Ext.swift */; };
		4098C829292033F10036833E /* MovieListViewModel.swift in Sources */ = {isa = PBXBuildFile; fileRef = 4098C828292033F10036833E /* MovieListViewModel.swift */; };
		4098C82D29203AFD0036833E /* MovieListTableViewCell.swift in Sources */ = {isa = PBXBuildFile; fileRef = 4098C82B29203AFD0036833E /* MovieListTableViewCell.swift */; };
		4098C82E29203AFD0036833E /* MovieListTableViewCell.xib in Resources */ = {isa = PBXBuildFile; fileRef = 4098C82C29203AFD0036833E /* MovieListTableViewCell.xib */; };
		40C4F095292114D800B9823A /* Search.swift in Sources */ = {isa = PBXBuildFile; fileRef = 40C4F094292114D800B9823A /* Search.swift */; };
		40C4F0972921152E00B9823A /* Movie.swift in Sources */ = {isa = PBXBuildFile; fileRef = 40C4F0962921152E00B9823A /* Movie.swift */; };
		9C992019292CD67F0004166B /* BaseViewModel.swift in Sources */ = {isa = PBXBuildFile; fileRef = 9C992018292CD67F0004166B /* BaseViewModel.swift */; };
		E264306729A1774F00BAB017 /* UIViewController+Ext.swift in Sources */ = {isa = PBXBuildFile; fileRef = E264306629A1774F00BAB017 /* UIViewController+Ext.swift */; };
		E264306929A17D4B00BAB017 /* UIImageView+Ext.swift in Sources */ = {isa = PBXBuildFile; fileRef = E264306829A17D4B00BAB017 /* UIImageView+Ext.swift */; };
		E264306C29A184BA00BAB017 /* Images.swift in Sources */ = {isa = PBXBuildFile; fileRef = E264306B29A184BA00BAB017 /* Images.swift */; };
		E2A7D7C1299E6BD200775C2A /* MovieDetailViewController.swift in Sources */ = {isa = PBXBuildFile; fileRef = E2A7D7BF299E6BD200775C2A /* MovieDetailViewController.swift */; };
		E2A7D7C2299E6BD200775C2A /* MovieDetailViewController.xib in Resources */ = {isa = PBXBuildFile; fileRef = E2A7D7C0299E6BD200775C2A /* MovieDetailViewController.xib */; };
		E2A7D7C5299F67AB00775C2A /* HeaderLabel.swift in Sources */ = {isa = PBXBuildFile; fileRef = E2A7D7C4299F67AB00775C2A /* HeaderLabel.swift */; };
		E2A7D7C7299F67BD00775C2A /* DetailLabel.swift in Sources */ = {isa = PBXBuildFile; fileRef = E2A7D7C6299F67BD00775C2A /* DetailLabel.swift */; };
		E2A7D7CF299F883800775C2A /* Constants.swift in Sources */ = {isa = PBXBuildFile; fileRef = E2A7D7CE299F883800775C2A /* Constants.swift */; };
		E2A7D7D1299F95EA00775C2A /* MovieDetailViewModel.swift in Sources */ = {isa = PBXBuildFile; fileRef = E2A7D7D0299F95EA00775C2A /* MovieDetailViewModel.swift */; };
		E2A7D7D3299FA46600775C2A /* NetworkConfig.swift in Sources */ = {isa = PBXBuildFile; fileRef = E2A7D7D2299FA46600775C2A /* NetworkConfig.swift */; };
		E2A7D7D6299FAB0A00775C2A /* ResponseError.swift in Sources */ = {isa = PBXBuildFile; fileRef = E2A7D7D5299FAB0A00775C2A /* ResponseError.swift */; };
		E2A7D7D9299FADFF00775C2A /* NetworkManager.swift in Sources */ = {isa = PBXBuildFile; fileRef = E2A7D7D8299FADFF00775C2A /* NetworkManager.swift */; };
		E2A7D7DD299FAF0000775C2A /* JSONHandler.swift in Sources */ = {isa = PBXBuildFile; fileRef = E2A7D7DC299FAF0000775C2A /* JSONHandler.swift */; };
		E2A7D7E029A0294B00775C2A /* MovieService.swift in Sources */ = {isa = PBXBuildFile; fileRef = E2A7D7DF29A0294B00775C2A /* MovieService.swift */; };
		E2A7D7E729A172AD00775C2A /* Roboto-Bold.ttf in Resources */ = {isa = PBXBuildFile; fileRef = E2A7D7E429A172AD00775C2A /* Roboto-Bold.ttf */; };
		E2A7D7E829A172AD00775C2A /* Roboto-Medium.ttf in Resources */ = {isa = PBXBuildFile; fileRef = E2A7D7E529A172AD00775C2A /* Roboto-Medium.ttf */; };
		E2A7D7E929A172AD00775C2A /* Roboto-Regular.ttf in Resources */ = {isa = PBXBuildFile; fileRef = E2A7D7E629A172AD00775C2A /* Roboto-Regular.ttf */; };
/* End PBXBuildFile section */

/* Begin PBXFileReference section */
		4098C7E4291FE12B0036833E /* InvioChallenge.app */ = {isa = PBXFileReference; explicitFileType = wrapper.application; includeInIndex = 0; path = InvioChallenge.app; sourceTree = BUILT_PRODUCTS_DIR; };
		4098C7E7291FE12B0036833E /* AppDelegate.swift */ = {isa = PBXFileReference; lastKnownFileType = sourcecode.swift; path = AppDelegate.swift; sourceTree = "<group>"; };
		4098C7F0291FE12E0036833E /* Assets.xcassets */ = {isa = PBXFileReference; lastKnownFileType = folder.assetcatalog; path = Assets.xcassets; sourceTree = "<group>"; };
		4098C7F3291FE12E0036833E /* Base */ = {isa = PBXFileReference; lastKnownFileType = file.storyboard; name = Base; path = Base.lproj/LaunchScreen.storyboard; sourceTree = "<group>"; };
		4098C7F5291FE12E0036833E /* Info.plist */ = {isa = PBXFileReference; lastKnownFileType = text.plist.xml; path = Info.plist; sourceTree = "<group>"; };
		4098C800291FF4500036833E /* BaseViewController.swift */ = {isa = PBXFileReference; lastKnownFileType = sourcecode.swift; path = BaseViewController.swift; sourceTree = "<group>"; };
		4098C80A291FF5180036833E /* UIFont+Ext.swift */ = {isa = PBXFileReference; lastKnownFileType = sourcecode.swift; path = "UIFont+Ext.swift"; sourceTree = "<group>"; };
		4098C810291FF5920036833E /* SplashViewController.swift */ = {isa = PBXFileReference; lastKnownFileType = sourcecode.swift; path = SplashViewController.swift; sourceTree = "<group>"; };
		4098C812291FF5BF0036833E /* SplashViewController.xib */ = {isa = PBXFileReference; lastKnownFileType = file.xib; path = SplashViewController.xib; sourceTree = "<group>"; };
		4098C814291FF6160036833E /* UIColor+Ext.swift */ = {isa = PBXFileReference; lastKnownFileType = sourcecode.swift; path = "UIColor+Ext.swift"; sourceTree = "<group>"; };
		4098C816291FF7530036833E /* NSObject+Ext.swift */ = {isa = PBXFileReference; lastKnownFileType = sourcecode.swift; path = "NSObject+Ext.swift"; sourceTree = "<group>"; };
		4098C818291FF7680036833E /* UITableView+Ext.swift */ = {isa = PBXFileReference; lastKnownFileType = sourcecode.swift; path = "UITableView+Ext.swift"; sourceTree = "<group>"; };
		4098C81B292018430036833E /* MovieListViewController.swift */ = {isa = PBXFileReference; lastKnownFileType = sourcecode.swift; path = MovieListViewController.swift; sourceTree = "<group>"; };
		4098C81D2920195F0036833E /* MovieListViewController.xib */ = {isa = PBXFileReference; lastKnownFileType = file.xib; path = MovieListViewController.xib; sourceTree = "<group>"; };
		4098C81F2920235C0036833E /* SplashViewModel.swift */ = {isa = PBXFileReference; lastKnownFileType = sourcecode.swift; path = SplashViewModel.swift; sourceTree = "<group>"; };
		4098C824292027510036833E /* UIView+Ext.swift */ = {isa = PBXFileReference; lastKnownFileType = sourcecode.swift; path = "UIView+Ext.swift"; sourceTree = "<group>"; };
		4098C828292033F10036833E /* MovieListViewModel.swift */ = {isa = PBXFileReference; lastKnownFileType = sourcecode.swift; path = MovieListViewModel.swift; sourceTree = "<group>"; };
		4098C82B29203AFD0036833E /* MovieListTableViewCell.swift */ = {isa = PBXFileReference; lastKnownFileType = sourcecode.swift; path = MovieListTableViewCell.swift; sourceTree = "<group>"; };
		4098C82C29203AFD0036833E /* MovieListTableViewCell.xib */ = {isa = PBXFileReference; lastKnownFileType = file.xib; path = MovieListTableViewCell.xib; sourceTree = "<group>"; };
		40C4F094292114D800B9823A /* Search.swift */ = {isa = PBXFileReference; lastKnownFileType = sourcecode.swift; path = Search.swift; sourceTree = "<group>"; };
		40C4F0962921152E00B9823A /* Movie.swift */ = {isa = PBXFileReference; lastKnownFileType = sourcecode.swift; path = Movie.swift; sourceTree = "<group>"; };
		9C992018292CD67F0004166B /* BaseViewModel.swift */ = {isa = PBXFileReference; lastKnownFileType = sourcecode.swift; path = BaseViewModel.swift; sourceTree = "<group>"; };
		E264306629A1774F00BAB017 /* UIViewController+Ext.swift */ = {isa = PBXFileReference; lastKnownFileType = sourcecode.swift; path = "UIViewController+Ext.swift"; sourceTree = "<group>"; };
		E264306829A17D4B00BAB017 /* UIImageView+Ext.swift */ = {isa = PBXFileReference; lastKnownFileType = sourcecode.swift; path = "UIImageView+Ext.swift"; sourceTree = "<group>"; };
		E264306B29A184BA00BAB017 /* Images.swift */ = {isa = PBXFileReference; lastKnownFileType = sourcecode.swift; path = Images.swift; sourceTree = "<group>"; };
		E2A7D7BF299E6BD200775C2A /* MovieDetailViewController.swift */ = {isa = PBXFileReference; lastKnownFileType = sourcecode.swift; path = MovieDetailViewController.swift; sourceTree = "<group>"; };
		E2A7D7C0299E6BD200775C2A /* MovieDetailViewController.xib */ = {isa = PBXFileReference; lastKnownFileType = file.xib; path = MovieDetailViewController.xib; sourceTree = "<group>"; };
		E2A7D7C4299F67AB00775C2A /* HeaderLabel.swift */ = {isa = PBXFileReference; lastKnownFileType = sourcecode.swift; path = HeaderLabel.swift; sourceTree = "<group>"; };
		E2A7D7C6299F67BD00775C2A /* DetailLabel.swift */ = {isa = PBXFileReference; lastKnownFileType = sourcecode.swift; path = DetailLabel.swift; sourceTree = "<group>"; };
		E2A7D7CE299F883800775C2A /* Constants.swift */ = {isa = PBXFileReference; lastKnownFileType = sourcecode.swift; path = Constants.swift; sourceTree = "<group>"; };
		E2A7D7D0299F95EA00775C2A /* MovieDetailViewModel.swift */ = {isa = PBXFileReference; lastKnownFileType = sourcecode.swift; path = MovieDetailViewModel.swift; sourceTree = "<group>"; };
		E2A7D7D2299FA46600775C2A /* NetworkConfig.swift */ = {isa = PBXFileReference; lastKnownFileType = sourcecode.swift; path = NetworkConfig.swift; sourceTree = "<group>"; };
		E2A7D7D5299FAB0A00775C2A /* ResponseError.swift */ = {isa = PBXFileReference; lastKnownFileType = sourcecode.swift; path = ResponseError.swift; sourceTree = "<group>"; };
		E2A7D7D8299FADFF00775C2A /* NetworkManager.swift */ = {isa = PBXFileReference; lastKnownFileType = sourcecode.swift; path = NetworkManager.swift; sourceTree = "<group>"; };
		E2A7D7DC299FAF0000775C2A /* JSONHandler.swift */ = {isa = PBXFileReference; lastKnownFileType = sourcecode.swift; path = JSONHandler.swift; sourceTree = "<group>"; };
		E2A7D7DF29A0294B00775C2A /* MovieService.swift */ = {isa = PBXFileReference; lastKnownFileType = sourcecode.swift; path = MovieService.swift; sourceTree = "<group>"; };
		E2A7D7E429A172AD00775C2A /* Roboto-Bold.ttf */ = {isa = PBXFileReference; lastKnownFileType = file; path = "Roboto-Bold.ttf"; sourceTree = "<group>"; };
		E2A7D7E529A172AD00775C2A /* Roboto-Medium.ttf */ = {isa = PBXFileReference; lastKnownFileType = file; path = "Roboto-Medium.ttf"; sourceTree = "<group>"; };
		E2A7D7E629A172AD00775C2A /* Roboto-Regular.ttf */ = {isa = PBXFileReference; lastKnownFileType = file; path = "Roboto-Regular.ttf"; sourceTree = "<group>"; };
/* End PBXFileReference section */

/* Begin PBXFrameworksBuildPhase section */
		4098C7E1291FE12B0036833E /* Frameworks */ = {
			isa = PBXFrameworksBuildPhase;
			buildActionMask = 2147483647;
			files = (
			);
			runOnlyForDeploymentPostprocessing = 0;
		};
/* End PBXFrameworksBuildPhase section */

/* Begin PBXGroup section */
		4098C7DB291FE12B0036833E = {
			isa = PBXGroup;
			children = (
				4098C7E6291FE12B0036833E /* InvioChallenge */,
				4098C7E5291FE12B0036833E /* Products */,
			);
			sourceTree = "<group>";
		};
		4098C7E5291FE12B0036833E /* Products */ = {
			isa = PBXGroup;
			children = (
				4098C7E4291FE12B0036833E /* InvioChallenge.app */,
			);
			name = Products;
			sourceTree = "<group>";
		};
		4098C7E6291FE12B0036833E /* InvioChallenge */ = {
			isa = PBXGroup;
			children = (
				E2A7D7CD299F87ED00775C2A /* Networking */,
				4098C80C291FF5490036833E /* Model */,
				4098C80D291FF5500036833E /* View */,
				4098C80E291FF5540036833E /* ViewModel */,
				4098C82A29203AE70036833E /* Cells */,
				4098C7FE291FF3440036833E /* Utilities */,
				E2A7D7E329A1728D00775C2A /* Resources */,
				4098C7E7291FE12B0036833E /* AppDelegate.swift */,
				4098C7F0291FE12E0036833E /* Assets.xcassets */,
				4098C7F2291FE12E0036833E /* LaunchScreen.storyboard */,
				4098C7F5291FE12E0036833E /* Info.plist */,
			);
			path = InvioChallenge;
			sourceTree = "<group>";
		};
		4098C7FE291FF3440036833E /* Utilities */ = {
			isa = PBXGroup;
			children = (
				4098C7FF291FF4450036833E /* Base */,
				4098C809291FF4F70036833E /* Extensions */,
				E2A7D7C8299F773300775C2A /* CustomViews */,
				E264306A29A184AB00BAB017 /* Helpers */,
			);
			path = Utilities;
			sourceTree = "<group>";
		};
		4098C7FF291FF4450036833E /* Base */ = {
			isa = PBXGroup;
			children = (
				4098C800291FF4500036833E /* BaseViewController.swift */,
				9C992018292CD67F0004166B /* BaseViewModel.swift */,
			);
			path = Base;
			sourceTree = "<group>";
		};
		4098C809291FF4F70036833E /* Extensions */ = {
			isa = PBXGroup;
			children = (
				4098C816291FF7530036833E /* NSObject+Ext.swift */,
				4098C824292027510036833E /* UIView+Ext.swift */,
				4098C818291FF7680036833E /* UITableView+Ext.swift */,
				4098C80A291FF5180036833E /* UIFont+Ext.swift */,
				4098C814291FF6160036833E /* UIColor+Ext.swift */,
				E264306629A1774F00BAB017 /* UIViewController+Ext.swift */,
				E264306829A17D4B00BAB017 /* UIImageView+Ext.swift */,
			);
			path = Extensions;
			sourceTree = "<group>";
		};
		4098C80C291FF5490036833E /* Model */ = {
			isa = PBXGroup;
			children = (
				40C4F094292114D800B9823A /* Search.swift */,
				40C4F0962921152E00B9823A /* Movie.swift */,
			);
			path = Model;
			sourceTree = "<group>";
		};
		4098C80D291FF5500036833E /* View */ = {
			isa = PBXGroup;
			children = (
				4098C80F291FF5770036833E /* Splash */,
				4098C81A2920182B0036833E /* MovieList */,
				E2A7D7C3299E6BD800775C2A /* MovieDetail */,
			);
			path = View;
			sourceTree = "<group>";
		};
		4098C80E291FF5540036833E /* ViewModel */ = {
			isa = PBXGroup;
			children = (
				4098C81F2920235C0036833E /* SplashViewModel.swift */,
				4098C828292033F10036833E /* MovieListViewModel.swift */,
				E2A7D7D0299F95EA00775C2A /* MovieDetailViewModel.swift */,
			);
			path = ViewModel;
			sourceTree = "<group>";
		};
		4098C80F291FF5770036833E /* Splash */ = {
			isa = PBXGroup;
			children = (
				4098C810291FF5920036833E /* SplashViewController.swift */,
				4098C812291FF5BF0036833E /* SplashViewController.xib */,
			);
			path = Splash;
			sourceTree = "<group>";
		};
		4098C81A2920182B0036833E /* MovieList */ = {
			isa = PBXGroup;
			children = (
				4098C81B292018430036833E /* MovieListViewController.swift */,
				4098C81D2920195F0036833E /* MovieListViewController.xib */,
			);
			path = MovieList;
			sourceTree = "<group>";
		};
		4098C82A29203AE70036833E /* Cells */ = {
			isa = PBXGroup;
			children = (
				4098C82B29203AFD0036833E /* MovieListTableViewCell.swift */,
				4098C82C29203AFD0036833E /* MovieListTableViewCell.xib */,
			);
			path = Cells;
			sourceTree = "<group>";
		};
		E2231B0B29A3B0AB004A17B6 /* API */ = {
			isa = PBXGroup;
			children = (
				E2A7D7DF29A0294B00775C2A /* MovieService.swift */,
			);
			path = API;
			sourceTree = "<group>";
		};
		E264306A29A184AB00BAB017 /* Helpers */ = {
			isa = PBXGroup;
			children = (
				E264306B29A184BA00BAB017 /* Images.swift */,
			);
			path = Helpers;
			sourceTree = "<group>";
		};
		E2A7D7C3299E6BD800775C2A /* MovieDetail */ = {
			isa = PBXGroup;
			children = (
				E2A7D7BF299E6BD200775C2A /* MovieDetailViewController.swift */,
				E2A7D7C0299E6BD200775C2A /* MovieDetailViewController.xib */,
			);
			path = MovieDetail;
			sourceTree = "<group>";
		};
		E2A7D7C8299F773300775C2A /* CustomViews */ = {
			isa = PBXGroup;
			children = (
				E2A7D7C4299F67AB00775C2A /* HeaderLabel.swift */,
				E2A7D7C6299F67BD00775C2A /* DetailLabel.swift */,
			);
			path = CustomViews;
			sourceTree = "<group>";
		};
		E2A7D7CD299F87ED00775C2A /* Networking */ = {
			isa = PBXGroup;
			children = (
				E2231B0B29A3B0AB004A17B6 /* API */,
				E2A7D7DA299FAE0300775C2A /* Core */,
				E2A7D7DB299FAE0D00775C2A /* Helpers */,
				E2A7D7D7299FAB6100775C2A /* Constants */,
				E2A7D7D4299FAAF800775C2A /* Model */,
			);
			path = Networking;
			sourceTree = "<group>";
		};
		E2A7D7D4299FAAF800775C2A /* Model */ = {
			isa = PBXGroup;
			children = (
				E2A7D7D5299FAB0A00775C2A /* ResponseError.swift */,
			);
			path = Model;
			sourceTree = "<group>";
		};
		E2A7D7D7299FAB6100775C2A /* Constants */ = {
			isa = PBXGroup;
			children = (
				E2A7D7CE299F883800775C2A /* Constants.swift */,
			);
			path = Constants;
			sourceTree = "<group>";
		};
		E2A7D7DA299FAE0300775C2A /* Core */ = {
			isa = PBXGroup;
			children = (
				E2A7D7D2299FA46600775C2A /* NetworkConfig.swift */,
				E2A7D7D8299FADFF00775C2A /* NetworkManager.swift */,
			);
			path = Core;
			sourceTree = "<group>";
		};
		E2A7D7DB299FAE0D00775C2A /* Helpers */ = {
			isa = PBXGroup;
			children = (
				E2A7D7DC299FAF0000775C2A /* JSONHandler.swift */,
			);
			path = Helpers;
			sourceTree = "<group>";
		};
		E2A7D7E329A1728D00775C2A /* Resources */ = {
			isa = PBXGroup;
			children = (
				E2A7D7E429A172AD00775C2A /* Roboto-Bold.ttf */,
				E2A7D7E529A172AD00775C2A /* Roboto-Medium.ttf */,
				E2A7D7E629A172AD00775C2A /* Roboto-Regular.ttf */,
			);
			path = Resources;
			sourceTree = "<group>";
		};
/* End PBXGroup section */

/* Begin PBXNativeTarget section */
		4098C7E3291FE12B0036833E /* InvioChallenge */ = {
			isa = PBXNativeTarget;
			buildConfigurationList = 4098C7F8291FE12E0036833E /* Build configuration list for PBXNativeTarget "InvioChallenge" */;
			buildPhases = (
				4098C7E0291FE12B0036833E /* Sources */,
				4098C7E1291FE12B0036833E /* Frameworks */,
				4098C7E2291FE12B0036833E /* Resources */,
			);
			buildRules = (
			);
			dependencies = (
			);
			name = InvioChallenge;
			productName = InvioChalllenge;
			productReference = 4098C7E4291FE12B0036833E /* InvioChallenge.app */;
			productType = "com.apple.product-type.application";
		};
/* End PBXNativeTarget section */

/* Begin PBXProject section */
		4098C7DC291FE12B0036833E /* Project object */ = {
			isa = PBXProject;
			attributes = {
				BuildIndependentTargetsInParallel = 1;
				LastSwiftUpdateCheck = 1340;
				LastUpgradeCheck = 1340;
				TargetAttributes = {
					4098C7E3291FE12B0036833E = {
						CreatedOnToolsVersion = 13.4.1;
					};
				};
			};
			buildConfigurationList = 4098C7DF291FE12B0036833E /* Build configuration list for PBXProject "InvioChallenge" */;
			compatibilityVersion = "Xcode 13.0";
			developmentRegion = en;
			hasScannedForEncodings = 0;
			knownRegions = (
				en,
				Base,
			);
			mainGroup = 4098C7DB291FE12B0036833E;
			productRefGroup = 4098C7E5291FE12B0036833E /* Products */;
			projectDirPath = "";
			projectRoot = "";
			targets = (
				4098C7E3291FE12B0036833E /* InvioChallenge */,
			);
		};
/* End PBXProject section */

/* Begin PBXResourcesBuildPhase section */
		4098C7E2291FE12B0036833E /* Resources */ = {
			isa = PBXResourcesBuildPhase;
			buildActionMask = 2147483647;
			files = (
				E2A7D7C2299E6BD200775C2A /* MovieDetailViewController.xib in Resources */,
				4098C7F4291FE12E0036833E /* LaunchScreen.storyboard in Resources */,
				E2A7D7E929A172AD00775C2A /* Roboto-Regular.ttf in Resources */,
				4098C813291FF5BF0036833E /* SplashViewController.xib in Resources */,
				4098C82E29203AFD0036833E /* MovieListTableViewCell.xib in Resources */,
				4098C81E2920195F0036833E /* MovieListViewController.xib in Resources */,
				E2A7D7E729A172AD00775C2A /* Roboto-Bold.ttf in Resources */,
				4098C7F1291FE12E0036833E /* Assets.xcassets in Resources */,
				E2A7D7E829A172AD00775C2A /* Roboto-Medium.ttf in Resources */,
			);
			runOnlyForDeploymentPostprocessing = 0;
		};
/* End PBXResourcesBuildPhase section */

/* Begin PBXSourcesBuildPhase section */
		4098C7E0291FE12B0036833E /* Sources */ = {
			isa = PBXSourcesBuildPhase;
			buildActionMask = 2147483647;
			files = (
				4098C80B291FF5180036833E /* UIFont+Ext.swift in Sources */,
				4098C825292027510036833E /* UIView+Ext.swift in Sources */,
				E264306729A1774F00BAB017 /* UIViewController+Ext.swift in Sources */,
				E2A7D7D3299FA46600775C2A /* NetworkConfig.swift in Sources */,
				4098C7E8291FE12B0036833E /* AppDelegate.swift in Sources */,
				E2A7D7E029A0294B00775C2A /* MovieService.swift in Sources */,
				4098C815291FF6160036833E /* UIColor+Ext.swift in Sources */,
				4098C8202920235C0036833E /* SplashViewModel.swift in Sources */,
				E2A7D7D1299F95EA00775C2A /* MovieDetailViewModel.swift in Sources */,
				E2A7D7D6299FAB0A00775C2A /* ResponseError.swift in Sources */,
				9C992019292CD67F0004166B /* BaseViewModel.swift in Sources */,
				4098C81C292018430036833E /* MovieListViewController.swift in Sources */,
				E2A7D7C7299F67BD00775C2A /* DetailLabel.swift in Sources */,
				E2A7D7C5299F67AB00775C2A /* HeaderLabel.swift in Sources */,
				E2A7D7D9299FADFF00775C2A /* NetworkManager.swift in Sources */,
				4098C801291FF4500036833E /* BaseViewController.swift in Sources */,
				4098C82D29203AFD0036833E /* MovieListTableViewCell.swift in Sources */,
				4098C819291FF7680036833E /* UITableView+Ext.swift in Sources */,
				4098C811291FF5920036833E /* SplashViewController.swift in Sources */,
				4098C817291FF7530036833E /* NSObject+Ext.swift in Sources */,
				E2A7D7C1299E6BD200775C2A /* MovieDetailViewController.swift in Sources */,
				E264306C29A184BA00BAB017 /* Images.swift in Sources */,
				E264306929A17D4B00BAB017 /* UIImageView+Ext.swift in Sources */,
				E2A7D7CF299F883800775C2A /* Constants.swift in Sources */,
				4098C829292033F10036833E /* MovieListViewModel.swift in Sources */,
				E2A7D7DD299FAF0000775C2A /* JSONHandler.swift in Sources */,
				40C4F095292114D800B9823A /* Search.swift in Sources */,
				40C4F0972921152E00B9823A /* Movie.swift in Sources */,
			);
			runOnlyForDeploymentPostprocessing = 0;
		};
/* End PBXSourcesBuildPhase section */

/* Begin PBXVariantGroup section */
		4098C7F2291FE12E0036833E /* LaunchScreen.storyboard */ = {
			isa = PBXVariantGroup;
			children = (
				4098C7F3291FE12E0036833E /* Base */,
			);
			name = LaunchScreen.storyboard;
			sourceTree = "<group>";
		};
/* End PBXVariantGroup section */

/* Begin XCBuildConfiguration section */
		4098C7F6291FE12E0036833E /* Debug */ = {
			isa = XCBuildConfiguration;
			buildSettings = {
				ALWAYS_SEARCH_USER_PATHS = NO;
				CLANG_ANALYZER_NONNULL = YES;
				CLANG_ANALYZER_NUMBER_OBJECT_CONVERSION = YES_AGGRESSIVE;
				CLANG_CXX_LANGUAGE_STANDARD = "gnu++17";
				CLANG_ENABLE_MODULES = YES;
				CLANG_ENABLE_OBJC_ARC = YES;
				CLANG_ENABLE_OBJC_WEAK = YES;
				CLANG_WARN_BLOCK_CAPTURE_AUTORELEASING = YES;
				CLANG_WARN_BOOL_CONVERSION = YES;
				CLANG_WARN_COMMA = YES;
				CLANG_WARN_CONSTANT_CONVERSION = YES;
				CLANG_WARN_DEPRECATED_OBJC_IMPLEMENTATIONS = YES;
				CLANG_WARN_DIRECT_OBJC_ISA_USAGE = YES_ERROR;
				CLANG_WARN_DOCUMENTATION_COMMENTS = YES;
				CLANG_WARN_EMPTY_BODY = YES;
				CLANG_WARN_ENUM_CONVERSION = YES;
				CLANG_WARN_INFINITE_RECURSION = YES;
				CLANG_WARN_INT_CONVERSION = YES;
				CLANG_WARN_NON_LITERAL_NULL_CONVERSION = YES;
				CLANG_WARN_OBJC_IMPLICIT_RETAIN_SELF = YES;
				CLANG_WARN_OBJC_LITERAL_CONVERSION = YES;
				CLANG_WARN_OBJC_ROOT_CLASS = YES_ERROR;
				CLANG_WARN_QUOTED_INCLUDE_IN_FRAMEWORK_HEADER = YES;
				CLANG_WARN_RANGE_LOOP_ANALYSIS = YES;
				CLANG_WARN_STRICT_PROTOTYPES = YES;
				CLANG_WARN_SUSPICIOUS_MOVE = YES;
				CLANG_WARN_UNGUARDED_AVAILABILITY = YES_AGGRESSIVE;
				CLANG_WARN_UNREACHABLE_CODE = YES;
				CLANG_WARN__DUPLICATE_METHOD_MATCH = YES;
				COPY_PHASE_STRIP = NO;
				DEBUG_INFORMATION_FORMAT = dwarf;
				ENABLE_STRICT_OBJC_MSGSEND = YES;
				ENABLE_TESTABILITY = YES;
				GCC_C_LANGUAGE_STANDARD = gnu11;
				GCC_DYNAMIC_NO_PIC = NO;
				GCC_NO_COMMON_BLOCKS = YES;
				GCC_OPTIMIZATION_LEVEL = 0;
				GCC_PREPROCESSOR_DEFINITIONS = (
					"DEBUG=1",
					"$(inherited)",
				);
				GCC_WARN_64_TO_32_BIT_CONVERSION = YES;
				GCC_WARN_ABOUT_RETURN_TYPE = YES_ERROR;
				GCC_WARN_UNDECLARED_SELECTOR = YES;
				GCC_WARN_UNINITIALIZED_AUTOS = YES_AGGRESSIVE;
				GCC_WARN_UNUSED_FUNCTION = YES;
				GCC_WARN_UNUSED_VARIABLE = YES;
				IPHONEOS_DEPLOYMENT_TARGET = 15.5;
				MTL_ENABLE_DEBUG_INFO = INCLUDE_SOURCE;
				MTL_FAST_MATH = YES;
				ONLY_ACTIVE_ARCH = YES;
				SDKROOT = iphoneos;
				SWIFT_ACTIVE_COMPILATION_CONDITIONS = DEBUG;
				SWIFT_OPTIMIZATION_LEVEL = "-Onone";
			};
			name = Debug;
		};
		4098C7F7291FE12E0036833E /* Release */ = {
			isa = XCBuildConfiguration;
			buildSettings = {
				ALWAYS_SEARCH_USER_PATHS = NO;
				CLANG_ANALYZER_NONNULL = YES;
				CLANG_ANALYZER_NUMBER_OBJECT_CONVERSION = YES_AGGRESSIVE;
				CLANG_CXX_LANGUAGE_STANDARD = "gnu++17";
				CLANG_ENABLE_MODULES = YES;
				CLANG_ENABLE_OBJC_ARC = YES;
				CLANG_ENABLE_OBJC_WEAK = YES;
				CLANG_WARN_BLOCK_CAPTURE_AUTORELEASING = YES;
				CLANG_WARN_BOOL_CONVERSION = YES;
				CLANG_WARN_COMMA = YES;
				CLANG_WARN_CONSTANT_CONVERSION = YES;
				CLANG_WARN_DEPRECATED_OBJC_IMPLEMENTATIONS = YES;
				CLANG_WARN_DIRECT_OBJC_ISA_USAGE = YES_ERROR;
				CLANG_WARN_DOCUMENTATION_COMMENTS = YES;
				CLANG_WARN_EMPTY_BODY = YES;
				CLANG_WARN_ENUM_CONVERSION = YES;
				CLANG_WARN_INFINITE_RECURSION = YES;
				CLANG_WARN_INT_CONVERSION = YES;
				CLANG_WARN_NON_LITERAL_NULL_CONVERSION = YES;
				CLANG_WARN_OBJC_IMPLICIT_RETAIN_SELF = YES;
				CLANG_WARN_OBJC_LITERAL_CONVERSION = YES;
				CLANG_WARN_OBJC_ROOT_CLASS = YES_ERROR;
				CLANG_WARN_QUOTED_INCLUDE_IN_FRAMEWORK_HEADER = YES;
				CLANG_WARN_RANGE_LOOP_ANALYSIS = YES;
				CLANG_WARN_STRICT_PROTOTYPES = YES;
				CLANG_WARN_SUSPICIOUS_MOVE = YES;
				CLANG_WARN_UNGUARDED_AVAILABILITY = YES_AGGRESSIVE;
				CLANG_WARN_UNREACHABLE_CODE = YES;
				CLANG_WARN__DUPLICATE_METHOD_MATCH = YES;
				COPY_PHASE_STRIP = NO;
				DEBUG_INFORMATION_FORMAT = "dwarf-with-dsym";
				ENABLE_NS_ASSERTIONS = NO;
				ENABLE_STRICT_OBJC_MSGSEND = YES;
				GCC_C_LANGUAGE_STANDARD = gnu11;
				GCC_NO_COMMON_BLOCKS = YES;
				GCC_WARN_64_TO_32_BIT_CONVERSION = YES;
				GCC_WARN_ABOUT_RETURN_TYPE = YES_ERROR;
				GCC_WARN_UNDECLARED_SELECTOR = YES;
				GCC_WARN_UNINITIALIZED_AUTOS = YES_AGGRESSIVE;
				GCC_WARN_UNUSED_FUNCTION = YES;
				GCC_WARN_UNUSED_VARIABLE = YES;
				IPHONEOS_DEPLOYMENT_TARGET = 15.5;
				MTL_ENABLE_DEBUG_INFO = NO;
				MTL_FAST_MATH = YES;
				SDKROOT = iphoneos;
				SWIFT_COMPILATION_MODE = wholemodule;
				SWIFT_OPTIMIZATION_LEVEL = "-O";
				VALIDATE_PRODUCT = YES;
			};
			name = Release;
		};
		4098C7F9291FE12E0036833E /* Debug */ = {
			isa = XCBuildConfiguration;
			buildSettings = {
				ASSETCATALOG_COMPILER_APPICON_NAME = AppIcon;
				ASSETCATALOG_COMPILER_GLOBAL_ACCENT_COLOR_NAME = AccentColor;
				CODE_SIGN_STYLE = Automatic;
				CURRENT_PROJECT_VERSION = 1;
				DEVELOPMENT_TEAM = 55AAA9N44E;
				GENERATE_INFOPLIST_FILE = YES;
				INFOPLIST_FILE = InvioChallenge/Info.plist;
				INFOPLIST_KEY_UIApplicationSupportsIndirectInputEvents = YES;
				INFOPLIST_KEY_UILaunchStoryboardName = LaunchScreen;
				INFOPLIST_KEY_UISupportedInterfaceOrientations_iPad = "UIInterfaceOrientationPortrait UIInterfaceOrientationPortraitUpsideDown UIInterfaceOrientationLandscapeLeft UIInterfaceOrientationLandscapeRight";
				INFOPLIST_KEY_UISupportedInterfaceOrientations_iPhone = "UIInterfaceOrientationPortrait UIInterfaceOrientationLandscapeLeft UIInterfaceOrientationLandscapeRight";
				LD_RUNPATH_SEARCH_PATHS = (
					"$(inherited)",
					"@executable_path/Frameworks",
				);
				MARKETING_VERSION = 1.0;
				PRODUCT_BUNDLE_IDENTIFIER = com.invio.InvioChallenge;
				PRODUCT_NAME = "$(TARGET_NAME)";
				SWIFT_EMIT_LOC_STRINGS = YES;
				SWIFT_VERSION = 5.0;
				TARGETED_DEVICE_FAMILY = "1,2";
			};
			name = Debug;
		};
		4098C7FA291FE12E0036833E /* Release */ = {
			isa = XCBuildConfiguration;
			buildSettings = {
				ASSETCATALOG_COMPILER_APPICON_NAME = AppIcon;
				ASSETCATALOG_COMPILER_GLOBAL_ACCENT_COLOR_NAME = AccentColor;
				CODE_SIGN_STYLE = Automatic;
				CURRENT_PROJECT_VERSION = 1;
				DEVELOPMENT_TEAM = 55AAA9N44E;
				GENERATE_INFOPLIST_FILE = YES;
				INFOPLIST_FILE = InvioChallenge/Info.plist;
				INFOPLIST_KEY_UIApplicationSupportsIndirectInputEvents = YES;
				INFOPLIST_KEY_UILaunchStoryboardName = LaunchScreen;
				INFOPLIST_KEY_UISupportedInterfaceOrientations_iPad = "UIInterfaceOrientationPortrait UIInterfaceOrientationPortraitUpsideDown UIInterfaceOrientationLandscapeLeft UIInterfaceOrientationLandscapeRight";
				INFOPLIST_KEY_UISupportedInterfaceOrientations_iPhone = "UIInterfaceOrientationPortrait UIInterfaceOrientationLandscapeLeft UIInterfaceOrientationLandscapeRight";
				LD_RUNPATH_SEARCH_PATHS = (
					"$(inherited)",
					"@executable_path/Frameworks",
				);
				MARKETING_VERSION = 1.0;
				PRODUCT_BUNDLE_IDENTIFIER = com.invio.InvioChallenge;
				PRODUCT_NAME = "$(TARGET_NAME)";
				SWIFT_EMIT_LOC_STRINGS = YES;
				SWIFT_VERSION = 5.0;
				TARGETED_DEVICE_FAMILY = "1,2";
			};
			name = Release;
		};
/* End XCBuildConfiguration section */

/* Begin XCConfigurationList section */
		4098C7DF291FE12B0036833E /* Build configuration list for PBXProject "InvioChallenge" */ = {
			isa = XCConfigurationList;
			buildConfigurations = (
				4098C7F6291FE12E0036833E /* Debug */,
				4098C7F7291FE12E0036833E /* Release */,
			);
			defaultConfigurationIsVisible = 0;
			defaultConfigurationName = Release;
		};
		4098C7F8291FE12E0036833E /* Build configuration list for PBXNativeTarget "InvioChallenge" */ = {
			isa = XCConfigurationList;
			buildConfigurations = (
				4098C7F9291FE12E0036833E /* Debug */,
				4098C7FA291FE12E0036833E /* Release */,
			);
			defaultConfigurationIsVisible = 0;
			defaultConfigurationName = Release;
		};
/* End XCConfigurationList section */
	};
	rootObject = 4098C7DC291FE12B0036833E /* Project object */;
}
